<?xml version="1.0" encoding="utf-8"?>
<Project ToolsVersion="4.0" xmlns="http://schemas.microsoft.com/developer/msbuild/2003">
  <ItemGroup>
    <Filter Include="소스 파일">
      <UniqueIdentifier>{4FC737F1-C7A5-4376-A066-2A32D752A2FF}</UniqueIdentifier>
      <Extensions>cpp;c;cc;cxx;def;odl;idl;hpj;bat;asm;asmx</Extensions>
    </Filter>
    <Filter Include="헤더 파일">
      <UniqueIdentifier>{93995380-89BD-4b04-88EB-625FBE52EBFB}</UniqueIdentifier>
      <Extensions>h;hh;hpp;hxx;hm;inl;inc;xsd</Extensions>
    </Filter>
    <Filter Include="리소스 파일">
      <UniqueIdentifier>{67DA6AB6-F800-4c08-8B7A-83BB121AAD01}</UniqueIdentifier>
      <Extensions>rc;ico;cur;bmp;dlg;rc2;rct;bin;rgs;gif;jpg;jpeg;jpe;resx;tiff;tif;png;wav;mfcribbon-ms</Extensions>
    </Filter>
  </ItemGroup>
  <ItemGroup>
    <Text Include="ReadMe.txt" />
  </ItemGroup>
  <ItemGroup>
    <ClInclude Include="stdafx.h">
      <Filter>헤더 파일</Filter>
    </ClInclude>
    <ClInclude Include="targetver.h">
      <Filter>헤더 파일</Filter>
    </ClInclude>
    <ClInclude Include="TestFileSys.h">
      <Filter>헤더 파일</Filter>
    </ClInclude>
    <ClInclude Include="StringFixAdapter.h">
      <Filter>헤더 파일</Filter>
    </ClInclude>
    <ClInclude Include="FileSystemClient.h">
      <Filter>헤더 파일</Filter>
    </ClInclude>
    <ClInclude Include="StringFixClient.h">
      <Filter>헤더 파일</Filter>
    </ClInclude>
    <ClInclude Include="MapBinaryFileSystemAdapter.h">
      <Filter>헤더 파일</Filter>
    </ClInclude>
    <ClInclude Include="VectorFileSystemAdapter.h">
      <Filter>헤더 파일</Filter>
    </ClInclude>
    <ClInclude Include="FileSystemForWindow.h">
      <Filter>헤더 파일</Filter>
    </ClInclude>
    <ClInclude Include="VectorBinaryFileSystemAdapter.h">
      <Filter>헤더 파일</Filter>
    </ClInclude>
    <ClInclude Include="Permission.h">
      <Filter>헤더 파일</Filter>
    </ClInclude>
    <ClInclude Include="Group.h">
      <Filter>헤더 파일</Filter>
    </ClInclude>
    <ClInclude Include="FileProcessor.h">
      <Filter>헤더 파일</Filter>
    </ClInclude>
    <ClInclude Include="GroupProcessor.h">
      <Filter>헤더 파일</Filter>
    </ClInclude>
    <ClInclude Include="LoginProcessor.h">
      <Filter>헤더 파일</Filter>
    </ClInclude>
    <ClInclude Include="PermissionProcessor.h">
      <Filter>헤더 파일</Filter>
    </ClInclude>
    <ClInclude Include="Processor.h">
      <Filter>헤더 파일</Filter>
    </ClInclude>
    <ClInclude Include="User.h">
      <Filter>헤더 파일</Filter>
    </ClInclude>
  </ItemGroup>
  <ItemGroup>
    <ClCompile Include="stdafx.cpp">
      <Filter>소스 파일</Filter>
    </ClCompile>
    <ClCompile Include="Object-oriented_TermProject_void.cpp">
      <Filter>소스 파일</Filter>
    </ClCompile>
    <ClCompile Include="StringFixAdapter.cpp">
      <Filter>소스 파일</Filter>
    </ClCompile>
    <ClCompile Include="MapBinaryFileSystemAdapter.cpp">
      <Filter>소스 파일</Filter>
    </ClCompile>
    <ClCompile Include="VectorFileSystemAdapter.cpp">
      <Filter>소스 파일</Filter>
    </ClCompile>
    <ClCompile Include="VectorBinaryFileSystemAdapter.cpp">
      <Filter>소스 파일</Filter>
    </ClCompile>
    <ClCompile Include="Permission.cpp">
      <Filter>소스 파일</Filter>
    </ClCompile>
    <ClCompile Include="Group.cpp">
      <Filter>소스 파일</Filter>
    </ClCompile>
    <ClCompile Include="FileProcessor.cpp">
      <Filter>소스 파일</Filter>
    </ClCompile>
    <ClCompile Include="GroupProcessor.cpp">
      <Filter>소스 파일</Filter>
    </ClCompile>
    <ClCompile Include="LoginProcessor.cpp">
      <Filter>소스 파일</Filter>
    </ClCompile>
    <ClCompile Include="PermissionProcessor.cpp">
      <Filter>소스 파일</Filter>
    </ClCompile>
    <ClCompile Include="User.cpp">
      <Filter>소스 파일</Filter>
    </ClCompile>
  </ItemGroup>
</Project>